
Microsoft Visual Studio Solution File, Format Version 12.00
# Visual Studio Version 17
VisualStudioVersion = 17.3.32811.315
MinimumVisualStudioVersion = 10.0.40219.1
Project("{9A19103F-16F7-4668-BE54-9A1E7A4F7556}") = "Task.API", "Task.API\Task.API.csproj", "{180D5803-57C1-4ED5-A56A-89FCB3FFCABD}"
	ProjectSection(ProjectDependencies) = postProject
		{F1BEEF5B-F277-4D4C-87F3-2939A90B86CC} = {F1BEEF5B-F277-4D4C-87F3-2939A90B86CC}
	EndProjectSection
EndProject
Project("{9A19103F-16F7-4668-BE54-9A1E7A4F7556}") = "Identity.API", "Identity.API\Identity.API.csproj", "{F1BEEF5B-F277-4D4C-87F3-2939A90B86CC}"
EndProject
Project("{9A19103F-16F7-4668-BE54-9A1E7A4F7556}") = "Habit.API", "Habit.API\Habit.API.csproj", "{1EB053E7-B0A6-4EC0-91FE-6202CFA20A2F}"
EndProject
Project("{9A19103F-16F7-4668-BE54-9A1E7A4F7556}") = "Telegram.API", "Telegram.API\Telegram.API.csproj", "{344EF2F7-ED9D-4B75-9E9A-F5CB93D78E4D}"
EndProject
Project("{9A19103F-16F7-4668-BE54-9A1E7A4F7556}") = "WebHost.Customization", "WebHost.Customization\WebHost.Customization.csproj", "{03D3B973-18E3-433E-A56C-D519DB574E8D}"
EndProject
Project("{E53339B2-1760-4266-BCC7-CA923CBCF16C}") = "docker-compose", "docker-compose.dcproj", "{45BD8EBB-1C91-4C22-A658-FA838D494586}"
EndProject
Project("{9A19103F-16F7-4668-BE54-9A1E7A4F7556}") = "Hangfire", "Hangfire\Hangfire.csproj", "{39C155E6-1137-4451-85DC-C706BF31E48A}"
EndProject
Project("{2150E333-8FDC-42A3-9474-1A3956D46DE8}") = "Tests", "Tests", "{F2306354-2889-4845-98E0-F097DB74F1A7}"
EndProject
Project("{FAE04EC0-301F-11D3-BF4B-00C04F79EFBC}") = "Habit.UnitTest", "Habit.UnitTest\Habit.UnitTest.csproj", "{FBAD2811-A467-43A9-9397-4288A66AA835}"
EndProject
Project("{FAE04EC0-301F-11D3-BF4B-00C04F79EFBC}") = "Habit.FunctionalTest", "Habit.FunctionalTest\Habit.FunctionalTest.csproj", "{AF77700F-7D93-45AF-A3BE-C1022A43EF50}"
EndProject
Global
	GlobalSection(SolutionConfigurationPlatforms) = preSolution
		Debug|Any CPU = Debug|Any CPU
		Release|Any CPU = Release|Any CPU
	EndGlobalSection
	GlobalSection(ProjectConfigurationPlatforms) = postSolution
		{180D5803-57C1-4ED5-A56A-89FCB3FFCABD}.Debug|Any CPU.ActiveCfg = Debug|Any CPU
		{180D5803-57C1-4ED5-A56A-89FCB3FFCABD}.Debug|Any CPU.Build.0 = Debug|Any CPU
		{180D5803-57C1-4ED5-A56A-89FCB3FFCABD}.Release|Any CPU.ActiveCfg = Release|Any CPU
		{180D5803-57C1-4ED5-A56A-89FCB3FFCABD}.Release|Any CPU.Build.0 = Release|Any CPU
		{F1BEEF5B-F277-4D4C-87F3-2939A90B86CC}.Debug|Any CPU.ActiveCfg = Debug|Any CPU
		{F1BEEF5B-F277-4D4C-87F3-2939A90B86CC}.Debug|Any CPU.Build.0 = Debug|Any CPU
		{F1BEEF5B-F277-4D4C-87F3-2939A90B86CC}.Release|Any CPU.ActiveCfg = Release|Any CPU
		{F1BEEF5B-F277-4D4C-87F3-2939A90B86CC}.Release|Any CPU.Build.0 = Release|Any CPU
		{1EB053E7-B0A6-4EC0-91FE-6202CFA20A2F}.Debug|Any CPU.ActiveCfg = Debug|Any CPU
		{1EB053E7-B0A6-4EC0-91FE-6202CFA20A2F}.Debug|Any CPU.Build.0 = Debug|Any CPU
		{1EB053E7-B0A6-4EC0-91FE-6202CFA20A2F}.Release|Any CPU.ActiveCfg = Release|Any CPU
		{1EB053E7-B0A6-4EC0-91FE-6202CFA20A2F}.Release|Any CPU.Build.0 = Release|Any CPU
		{344EF2F7-ED9D-4B75-9E9A-F5CB93D78E4D}.Debug|Any CPU.ActiveCfg = Debug|Any CPU
		{344EF2F7-ED9D-4B75-9E9A-F5CB93D78E4D}.Debug|Any CPU.Build.0 = Debug|Any CPU
		{344EF2F7-ED9D-4B75-9E9A-F5CB93D78E4D}.Release|Any CPU.ActiveCfg = Release|Any CPU
		{344EF2F7-ED9D-4B75-9E9A-F5CB93D78E4D}.Release|Any CPU.Build.0 = Release|Any CPU
		{03D3B973-18E3-433E-A56C-D519DB574E8D}.Debug|Any CPU.ActiveCfg = Debug|Any CPU
		{03D3B973-18E3-433E-A56C-D519DB574E8D}.Debug|Any CPU.Build.0 = Debug|Any CPU
		{03D3B973-18E3-433E-A56C-D519DB574E8D}.Release|Any CPU.ActiveCfg = Release|Any CPU
		{03D3B973-18E3-433E-A56C-D519DB574E8D}.Release|Any CPU.Build.0 = Release|Any CPU
		{45BD8EBB-1C91-4C22-A658-FA838D494586}.Debug|Any CPU.ActiveCfg = Debug|Any CPU
		{45BD8EBB-1C91-4C22-A658-FA838D494586}.Debug|Any CPU.Build.0 = Debug|Any CPU
		{45BD8EBB-1C91-4C22-A658-FA838D494586}.Release|Any CPU.ActiveCfg = Release|Any CPU
		{45BD8EBB-1C91-4C22-A658-FA838D494586}.Release|Any CPU.Build.0 = Release|Any CPU
		{39C155E6-1137-4451-85DC-C706BF31E48A}.Debug|Any CPU.ActiveCfg = Debug|Any CPU
		{39C155E6-1137-4451-85DC-C706BF31E48A}.Debug|Any CPU.Build.0 = Debug|Any CPU
		{39C155E6-1137-4451-85DC-C706BF31E48A}.Release|Any CPU.ActiveCfg = Release|Any CPU
		{39C155E6-1137-4451-85DC-C706BF31E48A}.Release|Any CPU.Build.0 = Release|Any CPU
		{FBAD2811-A467-43A9-9397-4288A66AA835}.Debug|Any CPU.ActiveCfg = Debug|Any CPU
		{FBAD2811-A467-43A9-9397-4288A66AA835}.Debug|Any CPU.Build.0 = Debug|Any CPU
		{FBAD2811-A467-43A9-9397-4288A66AA835}.Release|Any CPU.ActiveCfg = Release|Any CPU
		{FBAD2811-A467-43A9-9397-4288A66AA835}.Release|Any CPU.Build.0 = Release|Any CPU
		{AF77700F-7D93-45AF-A3BE-C1022A43EF50}.Debug|Any CPU.ActiveCfg = Debug|Any CPU
		{AF77700F-7D93-45AF-A3BE-C1022A43EF50}.Debug|Any CPU.Build.0 = Debug|Any CPU
		{AF77700F-7D93-45AF-A3BE-C1022A43EF50}.Release|Any CPU.ActiveCfg = Release|Any CPU
		{AF77700F-7D93-45AF-A3BE-C1022A43EF50}.Release|Any CPU.Build.0 = Release|Any CPU
	EndGlobalSection
	GlobalSection(SolutionProperties) = preSolution
		HideSolutionNode = FALSE
	EndGlobalSection
	GlobalSection(NestedProjects) = preSolution
		{FBAD2811-A467-43A9-9397-4288A66AA835} = {F2306354-2889-4845-98E0-F097DB74F1A7}
		{AF77700F-7D93-45AF-A3BE-C1022A43EF50} = {F2306354-2889-4845-98E0-F097DB74F1A7}
	EndGlobalSection
	GlobalSection(ExtensibilityGlobals) = postSolution
		SolutionGuid = {A6D57456-06C7-4DC4-8DBA-A1F0222A4397}
	EndGlobalSection
EndGlobal
